
Microsoft Visual Studio Solution File, Format Version 12.00
# Visual Studio Version 17
VisualStudioVersion = 17.0.31903.59
MinimumVisualStudioVersion = 10.0.40219.1
Project("{FAE04EC0-301F-11D3-BF4B-00C04F79EFBC}") = "SquareEquationLib", "SquareEquationLib\SquareEquationLib.csproj", "{0A9AD7E3-EB29-4CE0-A234-4E157F2DB66A}"
EndProject
Project("{FAE04EC0-301F-11D3-BF4B-00C04F79EFBC}") = "XUnit.Coverlet.Collector", "XUnit.Coverlet.Collector\XUnit.Coverlet.Collector.csproj", "{F01E108E-7761-415C-BAE4-0475070A097E}"
EndProject
Project("{FAE04EC0-301F-11D3-BF4B-00C04F79EFBC}") = "XUnit.Coverlet.MSBuild", "XUnit.Coverlet.MSBuild\XUnit.Coverlet.MSBuild.csproj", "{04C4D18A-C7FF-4A1F-8475-73635E64BCE1}"
EndProject
Global
	GlobalSection(SolutionConfigurationPlatforms) = preSolution
		Debug|Any CPU = Debug|Any CPU
		Release|Any CPU = Release|Any CPU
	EndGlobalSection
	GlobalSection(SolutionProperties) = preSolution
		HideSolutionNode = FALSE
	EndGlobalSection
	GlobalSection(ProjectConfigurationPlatforms) = postSolution
		{0A9AD7E3-EB29-4CE0-A234-4E157F2DB66A}.Debug|Any CPU.ActiveCfg = Debug|Any CPU
		{0A9AD7E3-EB29-4CE0-A234-4E157F2DB66A}.Debug|Any CPU.Build.0 = Debug|Any CPU
		{0A9AD7E3-EB29-4CE0-A234-4E157F2DB66A}.Release|Any CPU.ActiveCfg = Release|Any CPU
		{0A9AD7E3-EB29-4CE0-A234-4E157F2DB66A}.Release|Any CPU.Build.0 = Release|Any CPU
		{F01E108E-7761-415C-BAE4-0475070A097E}.Debug|Any CPU.ActiveCfg = Debug|Any CPU
		{F01E108E-7761-415C-BAE4-0475070A097E}.Debug|Any CPU.Build.0 = Debug|Any CPU
		{F01E108E-7761-415C-BAE4-0475070A097E}.Release|Any CPU.ActiveCfg = Release|Any CPU
		{F01E108E-7761-415C-BAE4-0475070A097E}.Release|Any CPU.Build.0 = Release|Any CPU
		{04C4D18A-C7FF-4A1F-8475-73635E64BCE1}.Debug|Any CPU.ActiveCfg = Debug|Any CPU
		{04C4D18A-C7FF-4A1F-8475-73635E64BCE1}.Debug|Any CPU.Build.0 = Debug|Any CPU
		{04C4D18A-C7FF-4A1F-8475-73635E64BCE1}.Release|Any CPU.ActiveCfg = Release|Any CPU
		{04C4D18A-C7FF-4A1F-8475-73635E64BCE1}.Release|Any CPU.Build.0 = Release|Any CPU
	EndGlobalSection
EndGlobal
